
Microsoft Visual Studio Solution File, Format Version 12.00
# Visual Studio Version 17
VisualStudioVersion = 17.4.33103.184
MinimumVisualStudioVersion = 10.0.40219.1
Project("{FAE04EC0-301F-11D3-BF4B-00C04F79EFBC}") = "ReadCerFile", "ReadCerFile\ReadCerFile.csproj", "{AB53BD59-52AF-4A1B-8D66-BE70F9C24327}"
EndProject
Project("{FAE04EC0-301F-11D3-BF4B-00C04F79EFBC}") = "SAT_Selector", "SAT_Selector\SAT_Selector.csproj", "{21A61E01-7E01-4F81-BCE2-F1873A730911}"
EndProject
Global
	GlobalSection(SolutionConfigurationPlatforms) = preSolution
		Debug|Any CPU = Debug|Any CPU
		Release|Any CPU = Release|Any CPU
	EndGlobalSection
	GlobalSection(ProjectConfigurationPlatforms) = postSolution
		{AB53BD59-52AF-4A1B-8D66-BE70F9C24327}.Debug|Any CPU.ActiveCfg = Debug|Any CPU
		{AB53BD59-52AF-4A1B-8D66-BE70F9C24327}.Debug|Any CPU.Build.0 = Debug|Any CPU
		{AB53BD59-52AF-4A1B-8D66-BE70F9C24327}.Release|Any CPU.ActiveCfg = Release|Any CPU
		{AB53BD59-52AF-4A1B-8D66-BE70F9C24327}.Release|Any CPU.Build.0 = Release|Any CPU
		{21A61E01-7E01-4F81-BCE2-F1873A730911}.Debug|Any CPU.ActiveCfg = Debug|Any CPU
		{21A61E01-7E01-4F81-BCE2-F1873A730911}.Debug|Any CPU.Build.0 = Debug|Any CPU
		{21A61E01-7E01-4F81-BCE2-F1873A730911}.Release|Any CPU.ActiveCfg = Release|Any CPU
		{21A61E01-7E01-4F81-BCE2-F1873A730911}.Release|Any CPU.Build.0 = Release|Any CPU
	EndGlobalSection
	GlobalSection(SolutionProperties) = preSolution
		HideSolutionNode = FALSE
	EndGlobalSection
	GlobalSection(ExtensibilityGlobals) = postSolution
		SolutionGuid = {9740FFE7-EEED-4010-BA41-DC98A0E53B99}
	EndGlobalSection
EndGlobal
